
Microsoft Visual Studio Solution File, Format Version 12.00
# Visual Studio Version 16
VisualStudioVersion = 16.0.31229.75
MinimumVisualStudioVersion = 10.0.40219.1
Project("{FAE04EC0-301F-11D3-BF4B-00C04F79EFBC}") = "WebAPI", "WebAPI\WebAPI.csproj", "{3084B8BD-BCE8-49C6-AF0F-DAB4B761A79C}"
EndProject
Project("{9A19103F-16F7-4668-BE54-9A1E7A4F7556}") = "DataLibrary", "DataLibrary\DataLibrary.csproj", "{CE301074-E9CF-4EEF-9CBF-0C5A3CE3225A}"
EndProject
Project("{00D1A9C2-B5F0-4AF3-8072-F6C62B433612}") = "TimsDinerDB", "TimsDinerDB\TimsDinerDB.sqlproj", "{F1EFA6D4-C984-45D1-AD73-0BEA15C53CDE}"
EndProject
Global
	GlobalSection(SolutionConfigurationPlatforms) = preSolution
		Debug|Any CPU = Debug|Any CPU
		Release|Any CPU = Release|Any CPU
	EndGlobalSection
	GlobalSection(ProjectConfigurationPlatforms) = postSolution
		{3084B8BD-BCE8-49C6-AF0F-DAB4B761A79C}.Debug|Any CPU.ActiveCfg = Debug|Any CPU
		{3084B8BD-BCE8-49C6-AF0F-DAB4B761A79C}.Debug|Any CPU.Build.0 = Debug|Any CPU
		{3084B8BD-BCE8-49C6-AF0F-DAB4B761A79C}.Release|Any CPU.ActiveCfg = Release|Any CPU
		{3084B8BD-BCE8-49C6-AF0F-DAB4B761A79C}.Release|Any CPU.Build.0 = Release|Any CPU
		{CE301074-E9CF-4EEF-9CBF-0C5A3CE3225A}.Debug|Any CPU.ActiveCfg = Debug|Any CPU
		{CE301074-E9CF-4EEF-9CBF-0C5A3CE3225A}.Debug|Any CPU.Build.0 = Debug|Any CPU
		{CE301074-E9CF-4EEF-9CBF-0C5A3CE3225A}.Release|Any CPU.ActiveCfg = Release|Any CPU
		{CE301074-E9CF-4EEF-9CBF-0C5A3CE3225A}.Release|Any CPU.Build.0 = Release|Any CPU
		{F1EFA6D4-C984-45D1-AD73-0BEA15C53CDE}.Debug|Any CPU.ActiveCfg = Debug|Any CPU
		{F1EFA6D4-C984-45D1-AD73-0BEA15C53CDE}.Debug|Any CPU.Build.0 = Debug|Any CPU
		{F1EFA6D4-C984-45D1-AD73-0BEA15C53CDE}.Debug|Any CPU.Deploy.0 = Debug|Any CPU
		{F1EFA6D4-C984-45D1-AD73-0BEA15C53CDE}.Release|Any CPU.ActiveCfg = Release|Any CPU
		{F1EFA6D4-C984-45D1-AD73-0BEA15C53CDE}.Release|Any CPU.Build.0 = Release|Any CPU
		{F1EFA6D4-C984-45D1-AD73-0BEA15C53CDE}.Release|Any CPU.Deploy.0 = Release|Any CPU
	EndGlobalSection
	GlobalSection(SolutionProperties) = preSolution
		HideSolutionNode = FALSE
	EndGlobalSection
	GlobalSection(ExtensibilityGlobals) = postSolution
		SolutionGuid = {ED64DB26-A505-4484-9E6A-96BED8C3638C}
	EndGlobalSection
EndGlobal
